
Microsoft Visual Studio Solution File, Format Version 12.00
# Visual Studio Version 17
VisualStudioVersion = 17.14.36301.6
MinimumVisualStudioVersion = 10.0.40219.1
Project("{FAE04EC0-301F-11D3-BF4B-00C04F79EFBC}") = "Proyecto_Final_Progra_6.Server", "Proyecto_Final_Progra_6\Proyecto_Final_Progra_6.Server\Proyecto_Final_Progra_6.Server.csproj", "{7E5B6F91-37C9-44B2-926B-6F0E3A403814}"
EndProject
Project("{FAE04EC0-301F-11D3-BF4B-00C04F79EFBC}") = "Proyecto_Final_Progra_6.Core", "Proyecto_Final_Progra_6\Proyecto_Final_Progra_6.Core\Proyecto_Final_Progra_6.Core.csproj", "{48E088E1-1B47-4A03-8936-E04473E220A1}"
EndProject
Project("{54A90642-561A-4BB1-A94E-469ADEE60C69}") = "Proyecto_Final_Progra_6.client", "Proyecto_Final_Progra_6\Proyecto_Final_Progra_6.client\Proyecto_Final_Progra_6.client.esproj", "{1CB341D6-CE03-4FB2-9BEC-8663FE0DE1D2}"
EndProject
Project("{2150E333-8FDC-42A3-9474-1A3956D46DE8}") = "Elementos de la solución", "Elementos de la solución", "{D107F4C8-89CC-BEA8-D3D7-CA6B7733353D}"
	ProjectSection(SolutionItems) = preProject
		Proyecto_Final_Progra_6\Documentos\Analisis_Frontend_Completo.md = Proyecto_Final_Progra_6\Documentos\Analisis_Frontend_Completo.md
		Proyecto_Final_Progra_6\Documentos\Bitacora_Tareas.md = Proyecto_Final_Progra_6\Documentos\Bitacora_Tareas.md
		Proyecto_Final_Progra_6\Documentos\Guia_Pruebas_Manual_Swagger.md = Proyecto_Final_Progra_6\Documentos\Guia_Pruebas_Manual_Swagger.md
		Historia Usuario.md = Historia Usuario.md
		Proyecto_Final_Progra_6\Documentos\Historia Usuario.md = Proyecto_Final_Progra_6\Documentos\Historia Usuario.md
		Proyecto_Final_Progra_6\Documentos\Historias Usuario Otros Roles.md = Proyecto_Final_Progra_6\Documentos\Historias Usuario Otros Roles.md
		Proyecto_Final_Progra_6\Documentos\Historia_Usuario_Admin_Cliente.md = Proyecto_Final_Progra_6\Documentos\Historia_Usuario_Admin_Cliente.md
		Proyecto_Final_Progra_6\Documentos\PRD.md = Proyecto_Final_Progra_6\Documentos\PRD.md
		Proyecto_Final_Progra_6\Documentos\Product Requirement Document.md = Proyecto_Final_Progra_6\Documentos\Product Requirement Document.md
		Proyecto_Final_Progra_6\Documentos\Prompt Copilot.txt = Proyecto_Final_Progra_6\Documentos\Prompt Copilot.txt
		Proyecto_Final_Progra_6\Documentos\Propuesta de Negocio.txt = Proyecto_Final_Progra_6\Documentos\Propuesta de Negocio.txt
		Proyecto_Final_Progra_6\Documentos\ReadMe.html = Proyecto_Final_Progra_6\Documentos\ReadMe.html
		Proyecto_Final_Progra_6\Documentos\Reglas Codificacion Documentacion.md = Proyecto_Final_Progra_6\Documentos\Reglas Codificacion Documentacion.md
		Proyecto_Final_Progra_6\Documentos\Requerimientos.txt = Proyecto_Final_Progra_6\Documentos\Requerimientos.txt
		Proyecto_Final_Progra_6\Documentos\Tecnologias (Client).md = Proyecto_Final_Progra_6\Documentos\Tecnologias (Client).md
		Proyecto_Final_Progra_6\Documentos\Tecnologias (Core).md = Proyecto_Final_Progra_6\Documentos\Tecnologias (Core).md
		Proyecto_Final_Progra_6\Documentos\Tecnologías (Server).md = Proyecto_Final_Progra_6\Documentos\Tecnologías (Server).md
	EndProjectSection
EndProject
Global
	GlobalSection(SolutionConfigurationPlatforms) = preSolution
		Debug|Any CPU = Debug|Any CPU
		Release|Any CPU = Release|Any CPU
	EndGlobalSection
	GlobalSection(ProjectConfigurationPlatforms) = postSolution
		{7E5B6F91-37C9-44B2-926B-6F0E3A403814}.Debug|Any CPU.ActiveCfg = Debug|Any CPU
		{7E5B6F91-37C9-44B2-926B-6F0E3A403814}.Debug|Any CPU.Build.0 = Debug|Any CPU
		{7E5B6F91-37C9-44B2-926B-6F0E3A403814}.Release|Any CPU.ActiveCfg = Release|Any CPU
		{7E5B6F91-37C9-44B2-926B-6F0E3A403814}.Release|Any CPU.Build.0 = Release|Any CPU
		{48E088E1-1B47-4A03-8936-E04473E220A1}.Debug|Any CPU.ActiveCfg = Debug|Any CPU
		{48E088E1-1B47-4A03-8936-E04473E220A1}.Debug|Any CPU.Build.0 = Debug|Any CPU
		{48E088E1-1B47-4A03-8936-E04473E220A1}.Release|Any CPU.ActiveCfg = Release|Any CPU
		{48E088E1-1B47-4A03-8936-E04473E220A1}.Release|Any CPU.Build.0 = Release|Any CPU
		{1CB341D6-CE03-4FB2-9BEC-8663FE0DE1D2}.Debug|Any CPU.ActiveCfg = Debug|Any CPU
		{1CB341D6-CE03-4FB2-9BEC-8663FE0DE1D2}.Debug|Any CPU.Build.0 = Debug|Any CPU
		{1CB341D6-CE03-4FB2-9BEC-8663FE0DE1D2}.Debug|Any CPU.Deploy.0 = Debug|Any CPU
		{1CB341D6-CE03-4FB2-9BEC-8663FE0DE1D2}.Release|Any CPU.ActiveCfg = Release|Any CPU
		{1CB341D6-CE03-4FB2-9BEC-8663FE0DE1D2}.Release|Any CPU.Build.0 = Release|Any CPU
		{1CB341D6-CE03-4FB2-9BEC-8663FE0DE1D2}.Release|Any CPU.Deploy.0 = Release|Any CPU
	EndGlobalSection
	GlobalSection(SolutionProperties) = preSolution
		HideSolutionNode = FALSE
	EndGlobalSection
	GlobalSection(ExtensibilityGlobals) = postSolution
		SolutionGuid = {06CF67E1-507E-453B-9C85-D6A6656CF81E}
	EndGlobalSection
EndGlobal
